
Microsoft Visual Studio Solution File, Format Version 12.00
# Visual Studio Version 17
VisualStudioVersion = 17.5.002.0
MinimumVisualStudioVersion = 10.0.40219.1
Project("{9A19103F-16F7-4668-BE54-9A1E7A4F7556}") = "OSMRender", "OSMRender.csproj", "{4AB35628-0222-418D-A533-41E0D1C929BD}"
EndProject
Global
	GlobalSection(SolutionConfigurationPlatforms) = preSolution
		Debug|Any CPU = Debug|Any CPU
		Release|Any CPU = Release|Any CPU
	EndGlobalSection
	GlobalSection(ProjectConfigurationPlatforms) = postSolution
		{4AB35628-0222-418D-A533-41E0D1C929BD}.Debug|Any CPU.ActiveCfg = Debug|Any CPU
		{4AB35628-0222-418D-A533-41E0D1C929BD}.Debug|Any CPU.Build.0 = Debug|Any CPU
		{4AB35628-0222-418D-A533-41E0D1C929BD}.Release|Any CPU.ActiveCfg = Release|Any CPU
		{4AB35628-0222-418D-A533-41E0D1C929BD}.Release|Any CPU.Build.0 = Release|Any CPU
	EndGlobalSection
	GlobalSection(SolutionProperties) = preSolution
		HideSolutionNode = FALSE
	EndGlobalSection
	GlobalSection(ExtensibilityGlobals) = postSolution
		SolutionGuid = {B97F01A0-81DA-4574-BA6C-9692371C08A5}
	EndGlobalSection
EndGlobal
